<?xml version="1.0" encoding="utf-8"?>
<Project ToolsVersion="4.0" xmlns="http://schemas.microsoft.com/developer/msbuild/2003">
  <ItemGroup>
    <Filter Include="Source Files">
      <UniqueIdentifier>{4FC737F1-C7A5-4376-A066-2A32D752A2FF}</UniqueIdentifier>
      <Extensions>cpp;c;cc;cxx;def;odl;idl;hpj;bat;asm;asmx</Extensions>
    </Filter>
    <Filter Include="Header Files">
      <UniqueIdentifier>{93995380-89BD-4b04-88EB-625FBE52EBFB}</UniqueIdentifier>
      <Extensions>h;hpp;hxx;hm;inl;inc;xsd</Extensions>
    </Filter>
  </ItemGroup>
  <ItemGroup>
    <ClCompile Include="buffers.cpp">
      <Filter>Source Files</Filter>
    </ClCompile>
    <ClCompile Include="buffersQueue.cpp">
      <Filter>Source Files</Filter>
    </ClCompile>
    <ClCompile Include="Client.cpp">
      <Filter>Source Files</Filter>
    </ClCompile>
    <ClCompile Include="Client_DTP.cpp">
      <Filter>Source Files</Filter>
    </ClCompile>
    <ClCompile Include="Distribution.cpp">
      <Filter>Source Files</Filter>
    </ClCompile>
    <ClCompile Include="errorObject.cpp">
      <Filter>Source Files</Filter>
    </ClCompile>
    <ClCompile Include="fsm.cpp">
      <Filter>Source Files</Filter>
    </ClCompile>
    <ClCompile Include="fsmSystem.cpp">
      <Filter>Source Files</Filter>
    </ClCompile>
    <ClCompile Include="kernelAPI.cpp">
      <Filter>Source Files</Filter>
    </ClCompile>
    <ClCompile Include="KernelFunctions.cpp">
      <Filter>Source Files</Filter>
    </ClCompile>
    <ClCompile Include="linuxFunctions.cpp">
      <Filter>Source Files</Filter>
    </ClCompile>
    <ClCompile Include="logAutomate.cpp">
      <Filter>Source Files</Filter>
    </ClCompile>
    <ClCompile Include="LogFile.cpp">
      <Filter>Source Files</Filter>
    </ClCompile>
    <ClCompile Include="mailbox.cpp">
      <Filter>Source Files</Filter>
    </ClCompile>
    <ClCompile Include="messages.cpp">
      <Filter>Source Files</Filter>
    </ClCompile>
    <ClCompile Include="msgInterface.cpp">
      <Filter>Source Files</Filter>
    </ClCompile>
    <ClCompile Include="NetFSM.cpp">
      <Filter>Source Files</Filter>
    </ClCompile>
    <ClCompile Include="postOffice.cpp">
      <Filter>Source Files</Filter>
    </ClCompile>
    <ClCompile Include="standardMsg.cpp">
      <Filter>Source Files</Filter>
    </ClCompile>
    <ClCompile Include="stdMsgpc16pl16.cpp">
      <Filter>Source Files</Filter>
    </ClCompile>
    <ClCompile Include="systemFunctions.cpp">
      <Filter>Source Files</Filter>
    </ClCompile>
    <ClCompile Include="systemTCP.cpp">
      <Filter>Source Files</Filter>
    </ClCompile>
    <ClCompile Include="thread.cpp">
      <Filter>Source Files</Filter>
    </ClCompile>
    <ClCompile Include="timer.cpp">
      <Filter>Source Files</Filter>
    </ClCompile>
    <ClCompile Include="TransportInterface.cpp">
      <Filter>Source Files</Filter>
    </ClCompile>
    <ClCompile Include="UdpFSM.cpp">
      <Filter>Source Files</Filter>
    </ClCompile>
    <ClCompile Include="UdpLogInterface.cpp">
      <Filter>Source Files</Filter>
    </ClCompile>
  </ItemGroup>
  <ItemGroup>
    <ClInclude Include="buffers.h">
      <Filter>Header Files</Filter>
    </ClInclude>
    <ClInclude Include="buffersQueue.h">
      <Filter>Header Files</Filter>
    </ClInclude>
    <ClInclude Include="Client.h">
      <Filter>Header Files</Filter>
    </ClInclude>
    <ClInclude Include="Client_DTP.h">
      <Filter>Header Files</Filter>
    </ClInclude>
    <ClInclude Include="Distribution.h">
      <Filter>Header Files</Filter>
    </ClInclude>
    <ClInclude Include="errorObject.h">
      <Filter>Header Files</Filter>
    </ClInclude>
    <ClInclude Include="fsm.h">
      <Filter>Header Files</Filter>
    </ClInclude>
    <ClInclude Include="fsmSystem.h">
      <Filter>Header Files</Filter>
    </ClInclude>
    <ClInclude Include="kernelAPI.h">
      <Filter>Header Files</Filter>
    </ClInclude>
    <ClInclude Include="kernelConsts.h">
      <Filter>Header Files</Filter>
    </ClInclude>
    <ClInclude Include="kernelTypes.h">
      <Filter>Header Files</Filter>
    </ClInclude>
    <ClInclude Include="linuxThread.h">
      <Filter>Header Files</Filter>
    </ClInclude>
    <ClInclude Include="logAutomate.h">
      <Filter>Header Files</Filter>
    </ClInclude>
    <ClInclude Include="LogFile.h">
      <Filter>Header Files</Filter>
    </ClInclude>
    <ClInclude Include="mailbox.h">
      <Filter>Header Files</Filter>
    </ClInclude>
    <ClInclude Include="messages.h">
      <Filter>Header Files</Filter>
    </ClInclude>
    <ClInclude Include="msgInterface.h">
      <Filter>Header Files</Filter>
    </ClInclude>
    <ClInclude Include="NetException.h">
      <Filter>Header Files</Filter>
    </ClInclude>
    <ClInclude Include="NetFSM.h">
      <Filter>Header Files</Filter>
    </ClInclude>
    <ClInclude Include="postOffice.h">
      <Filter>Header Files</Filter>
    </ClInclude>
    <ClInclude Include="standardMsg.h">
      <Filter>Header Files</Filter>
    </ClInclude>
    <ClInclude Include="stdMsgpc16pl16.h">
      <Filter>Header Files</Filter>
    </ClInclude>
    <ClInclude Include="systemFunctions.h">
      <Filter>Header Files</Filter>
    </ClInclude>
    <ClInclude Include="systemTCP.h">
      <Filter>Header Files</Filter>
    </ClInclude>
    <ClInclude Include="thread.h">
      <Filter>Header Files</Filter>
    </ClInclude>
    <ClInclude Include="ThreadException.h">
      <Filter>Header Files</Filter>
    </ClInclude>
    <ClInclude Include="timer.h">
      <Filter>Header Files</Filter>
    </ClInclude>
    <ClInclude Include="TransportInterface.h">
      <Filter>Header Files</Filter>
    </ClInclude>
    <ClInclude Include="UdpFSM.h">
      <Filter>Header Files</Filter>
    </ClInclude>
    <ClInclude Include="UdpLogInterface.h">
      <Filter>Header Files</Filter>
    </ClInclude>
    <ClInclude Include="uniSock.h">
      <Filter>Header Files</Filter>
    </ClInclude>
  </ItemGroup>
</Project>